
Microsoft Visual Studio Solution File, Format Version 12.00
# Visual Studio Version 17
VisualStudioVersion = 17.8.34309.116
MinimumVisualStudioVersion = 10.0.40219.1
Project("{FAE04EC0-301F-11D3-BF4B-00C04F79EFBC}") = "TP_integrador_prog2_videoclub", "TP_integrador_prog2_videoclub.csproj", "{DCFA816C-FE0A-4815-8958-ED3A5BBD6356}"
EndProject
Global
	GlobalSection(SolutionConfigurationPlatforms) = preSolution
		Debug|Any CPU = Debug|Any CPU
		Release|Any CPU = Release|Any CPU
	EndGlobalSection
	GlobalSection(ProjectConfigurationPlatforms) = postSolution
		{DCFA816C-FE0A-4815-8958-ED3A5BBD6356}.Debug|Any CPU.ActiveCfg = Debug|Any CPU
		{DCFA816C-FE0A-4815-8958-ED3A5BBD6356}.Debug|Any CPU.Build.0 = Debug|Any CPU
		{DCFA816C-FE0A-4815-8958-ED3A5BBD6356}.Release|Any CPU.ActiveCfg = Release|Any CPU
		{DCFA816C-FE0A-4815-8958-ED3A5BBD6356}.Release|Any CPU.Build.0 = Release|Any CPU
	EndGlobalSection
	GlobalSection(SolutionProperties) = preSolution
		HideSolutionNode = FALSE
	EndGlobalSection
	GlobalSection(ExtensibilityGlobals) = postSolution
		SolutionGuid = {ABA8B4CC-22BB-4E87-9AA0-DBB8F796393F}
	EndGlobalSection
EndGlobal
